dependencies:
- name: redis
  repository: https://charts.bitnami.com/bitnami
  version: 17.1.4
- name: redis-cluster
  repository: https://charts.bitnami.com/bitnami
  version: 7.6.4
digest: sha256:dd2b27a2a4305157a1ce44b829cf32428c5597d549618c3f5dc29d630f941e27
generated: "2022-09-19T13:06:27.019105135+03:00"
